
Microsoft Visual Studio Solution File, Format Version 12.00
# Visual Studio 14
VisualStudioVersion = 14.0.25123.0
MinimumVisualStudioVersion = 10.0.40219.1
Project("{FAE04EC0-301F-11D3-BF4B-00C04F79EFBC}") = "problem-20", "problem-20\problem-20.csproj", "{FBEED166-D5DB-4822-BB2A-ED0BEA466E54}"
EndProject
Project("{FAE04EC0-301F-11D3-BF4B-00C04F79EFBC}") = "problem-21", "problem-21\problem-21.csproj", "{7A58A65D-B664-4DC9-8BB5-76FF5C2F8B69}"
EndProject
Project("{FAE04EC0-301F-11D3-BF4B-00C04F79EFBC}") = "problem-22", "problem-22\problem-22.csproj", "{49E7D202-0585-4951-8A82-5CDC4048904A}"
EndProject
Project("{FAE04EC0-301F-11D3-BF4B-00C04F79EFBC}") = "problem-23", "problem-23\problem-23.csproj", "{469F9F77-4936-4D5C-ABB4-EB45C4513AE7}"
EndProject
Project("{FAE04EC0-301F-11D3-BF4B-00C04F79EFBC}") = "problem-24", "problem-24\problem-24.csproj", "{B80A05E2-0E50-4E69-9247-7990A5A46852}"
EndProject
Project("{FAE04EC0-301F-11D3-BF4B-00C04F79EFBC}") = "problem-25", "problem-25\problem-25.csproj", "{4F34AF9A-D8DB-4836-A96F-9260D970653D}"
EndProject
Project("{FAE04EC0-301F-11D3-BF4B-00C04F79EFBC}") = "problem-26", "problem-26\problem-26.csproj", "{0A3D5C87-82DD-40C1-8B1D-7D36734D86D3}"
EndProject
Project("{FAE04EC0-301F-11D3-BF4B-00C04F79EFBC}") = "problem-27", "problem-27\problem-27.csproj", "{C33655D1-32A7-4590-A8DF-E372EC7BA3D2}"
EndProject
Project("{FAE04EC0-301F-11D3-BF4B-00C04F79EFBC}") = "problem-28", "problem-28\problem-28.csproj", "{4FF0F0E5-AA61-4E3F-A3C8-0E4C74273FAC}"
EndProject
Project("{FAE04EC0-301F-11D3-BF4B-00C04F79EFBC}") = "problem-29", "problem-29\problem-29.csproj", "{9EE78945-2B43-426E-A3D6-A5C8AA911BF1}"
EndProject
Project("{F2A71F9B-5D33-465A-A702-920D77279786}") = "problem-30", "problem-30\problem-30.fsproj", "{0FC60E0D-B962-4F23-B157-C4AC795A8051}"
EndProject
Project("{F2A71F9B-5D33-465A-A702-920D77279786}") = "problem-31", "problem-31\problem-31.fsproj", "{21E05BCE-1951-4736-B82B-7A1AD7833318}"
EndProject
Global
	GlobalSection(SolutionConfigurationPlatforms) = preSolution
		Debug|Any CPU = Debug|Any CPU
		Release|Any CPU = Release|Any CPU
	EndGlobalSection
	GlobalSection(ProjectConfigurationPlatforms) = postSolution
		{FBEED166-D5DB-4822-BB2A-ED0BEA466E54}.Debug|Any CPU.ActiveCfg = Debug|Any CPU
		{FBEED166-D5DB-4822-BB2A-ED0BEA466E54}.Debug|Any CPU.Build.0 = Debug|Any CPU
		{FBEED166-D5DB-4822-BB2A-ED0BEA466E54}.Release|Any CPU.ActiveCfg = Release|Any CPU
		{FBEED166-D5DB-4822-BB2A-ED0BEA466E54}.Release|Any CPU.Build.0 = Release|Any CPU
		{7A58A65D-B664-4DC9-8BB5-76FF5C2F8B69}.Debug|Any CPU.ActiveCfg = Debug|Any CPU
		{7A58A65D-B664-4DC9-8BB5-76FF5C2F8B69}.Debug|Any CPU.Build.0 = Debug|Any CPU
		{7A58A65D-B664-4DC9-8BB5-76FF5C2F8B69}.Release|Any CPU.ActiveCfg = Release|Any CPU
		{7A58A65D-B664-4DC9-8BB5-76FF5C2F8B69}.Release|Any CPU.Build.0 = Release|Any CPU
		{49E7D202-0585-4951-8A82-5CDC4048904A}.Debug|Any CPU.ActiveCfg = Debug|Any CPU
		{49E7D202-0585-4951-8A82-5CDC4048904A}.Debug|Any CPU.Build.0 = Debug|Any CPU
		{49E7D202-0585-4951-8A82-5CDC4048904A}.Release|Any CPU.ActiveCfg = Release|Any CPU
		{49E7D202-0585-4951-8A82-5CDC4048904A}.Release|Any CPU.Build.0 = Release|Any CPU
		{469F9F77-4936-4D5C-ABB4-EB45C4513AE7}.Debug|Any CPU.ActiveCfg = Debug|Any CPU
		{469F9F77-4936-4D5C-ABB4-EB45C4513AE7}.Debug|Any CPU.Build.0 = Debug|Any CPU
		{469F9F77-4936-4D5C-ABB4-EB45C4513AE7}.Release|Any CPU.ActiveCfg = Release|Any CPU
		{469F9F77-4936-4D5C-ABB4-EB45C4513AE7}.Release|Any CPU.Build.0 = Release|Any CPU
		{B80A05E2-0E50-4E69-9247-7990A5A46852}.Debug|Any CPU.ActiveCfg = Debug|Any CPU
		{B80A05E2-0E50-4E69-9247-7990A5A46852}.Debug|Any CPU.Build.0 = Debug|Any CPU
		{B80A05E2-0E50-4E69-9247-7990A5A46852}.Release|Any CPU.ActiveCfg = Release|Any CPU
		{B80A05E2-0E50-4E69-9247-7990A5A46852}.Release|Any CPU.Build.0 = Release|Any CPU
		{4F34AF9A-D8DB-4836-A96F-9260D970653D}.Debug|Any CPU.ActiveCfg = Debug|Any CPU
		{4F34AF9A-D8DB-4836-A96F-9260D970653D}.Debug|Any CPU.Build.0 = Debug|Any CPU
		{4F34AF9A-D8DB-4836-A96F-9260D970653D}.Release|Any CPU.ActiveCfg = Release|Any CPU
		{4F34AF9A-D8DB-4836-A96F-9260D970653D}.Release|Any CPU.Build.0 = Release|Any CPU
		{0A3D5C87-82DD-40C1-8B1D-7D36734D86D3}.Debug|Any CPU.ActiveCfg = Debug|Any CPU
		{0A3D5C87-82DD-40C1-8B1D-7D36734D86D3}.Debug|Any CPU.Build.0 = Debug|Any CPU
		{0A3D5C87-82DD-40C1-8B1D-7D36734D86D3}.Release|Any CPU.ActiveCfg = Release|Any CPU
		{0A3D5C87-82DD-40C1-8B1D-7D36734D86D3}.Release|Any CPU.Build.0 = Release|Any CPU
		{C33655D1-32A7-4590-A8DF-E372EC7BA3D2}.Debug|Any CPU.ActiveCfg = Debug|Any CPU
		{C33655D1-32A7-4590-A8DF-E372EC7BA3D2}.Debug|Any CPU.Build.0 = Debug|Any CPU
		{C33655D1-32A7-4590-A8DF-E372EC7BA3D2}.Release|Any CPU.ActiveCfg = Release|Any CPU
		{C33655D1-32A7-4590-A8DF-E372EC7BA3D2}.Release|Any CPU.Build.0 = Release|Any CPU
		{4FF0F0E5-AA61-4E3F-A3C8-0E4C74273FAC}.Debug|Any CPU.ActiveCfg = Debug|Any CPU
		{4FF0F0E5-AA61-4E3F-A3C8-0E4C74273FAC}.Debug|Any CPU.Build.0 = Debug|Any CPU
		{4FF0F0E5-AA61-4E3F-A3C8-0E4C74273FAC}.Release|Any CPU.ActiveCfg = Release|Any CPU
		{4FF0F0E5-AA61-4E3F-A3C8-0E4C74273FAC}.Release|Any CPU.Build.0 = Release|Any CPU
		{9EE78945-2B43-426E-A3D6-A5C8AA911BF1}.Debug|Any CPU.ActiveCfg = Debug|Any CPU
		{9EE78945-2B43-426E-A3D6-A5C8AA911BF1}.Debug|Any CPU.Build.0 = Debug|Any CPU
		{9EE78945-2B43-426E-A3D6-A5C8AA911BF1}.Release|Any CPU.ActiveCfg = Release|Any CPU
		{9EE78945-2B43-426E-A3D6-A5C8AA911BF1}.Release|Any CPU.Build.0 = Release|Any CPU
		{0FC60E0D-B962-4F23-B157-C4AC795A8051}.Debug|Any CPU.ActiveCfg = Debug|Any CPU
		{0FC60E0D-B962-4F23-B157-C4AC795A8051}.Debug|Any CPU.Build.0 = Debug|Any CPU
		{0FC60E0D-B962-4F23-B157-C4AC795A8051}.Release|Any CPU.ActiveCfg = Release|Any CPU
		{0FC60E0D-B962-4F23-B157-C4AC795A8051}.Release|Any CPU.Build.0 = Release|Any CPU
		{21E05BCE-1951-4736-B82B-7A1AD7833318}.Debug|Any CPU.ActiveCfg = Debug|Any CPU
		{21E05BCE-1951-4736-B82B-7A1AD7833318}.Debug|Any CPU.Build.0 = Debug|Any CPU
		{21E05BCE-1951-4736-B82B-7A1AD7833318}.Release|Any CPU.ActiveCfg = Release|Any CPU
		{21E05BCE-1951-4736-B82B-7A1AD7833318}.Release|Any CPU.Build.0 = Release|Any CPU
	EndGlobalSection
	GlobalSection(SolutionProperties) = preSolution
		HideSolutionNode = FALSE
	EndGlobalSection
EndGlobal
